{
  "name": "MemRingStrategyAI",
  "lockfileVersion": 2,
  "requires": true,
  "packages": {
    "backend": {
      "version": "1.0.0",
      "extraneous": true,
      "license": "ISC",
      "dependencies": {
        "@tavily/core": "^0.0.2",
        "@types/cors": "^2.8.17",
        "@types/pg": "^8.15.4",
        "@types/swagger-ui-express": "^4.1.8",
        "cors": "^2.8.5",
        "dotenv": "^16.4.1",
        "express": "^4.18.2",
        "openai": "^4.26.0",
        "pg": "^8.16.3",
        "swagger-jsdoc": "^6.2.8",
        "swagger-ui-dist": "^5.27.0",
        "swagger-ui-express": "^5.0.1"
      },
      "devDependencies": {
        "@types/express": "^4.17.21",
        "@types/node": "^20.11.16",
        "@types/swagger-jsdoc": "^6.0.4",
        "nodemon": "^3.0.3",
        "ts-node": "^10.9.2",
        "typescript": "^5.3.3"
      }
    },
    "frontend": {
      "name": "rabbithole-frontend",
      "version": "0.1.0",
      "extraneous": true,
      "dependencies": {
        "@dagrejs/dagre": "^1.1.4",
        "@types/node": "^20.11.19",
        "@types/react": "^18.2.55",
        "@types/react-dom": "^18.2.19",
        "@types/react-router-dom": "^5.3.3",
        "axios": "^1.6.7",
        "d3-hierarchy": "^3.1.2",
        "dagre": "^0.8.5",
        "gsap": "^3.12.7",
        "posthog-js": "^1.236.7",
        "react": "^18.2.0",
        "react-dom": "^18.2.0",
        "react-markdown": "^9.0.1",
        "react-router-dom": "^7.7.0",
        "react-scripts": "5.0.1",
        "reactflow": "^11.10.1"
      },
      "devDependencies": {
        "@babel/plugin-proposal-private-property-in-object": "^7.21.11",
        "@tailwindcss/typography": "^0.5.10",
        "@types/dagre": "^0.7.52",
        "autoprefixer": "^10.4.17",
        "postcss": "^8.4.35",
        "tailwindcss": "^3.4.1",
        "typescript": "^4.9.5"
      }
    }
  }
}
